name: Refresh launch lockfile

on:
  pull_request:
    branches: [master]

permissions:
  contents: read

jobs:
  refresh-lock:
    runs-on: ubuntu-latest
    timeout-minutes: 10
    steps:
      - uses: actions/checkout@v4
      - uses: actions/setup-node@v4
        with:
          node-version: "22"
          cache: npm
      - run: npm install --package-lock-only --ignore-scripts --no-audit --no-fund
      - uses: actions/upload-artifact@v4
        with:
          name: launch-package-lock
          path: package-lock.json
          if-no-files-found: error
